
Microsoft Visual Studio Solution File, Format Version 12.00
# Visual Studio Version 16
VisualStudioVersion = 16.0.32106.194
MinimumVisualStudioVersion = 10.0.40219.1
Project("{FAE04EC0-301F-11D3-BF4B-00C04F79EFBC}") = "addressbook-web-tests", "addressbook-web-tests\addressbook-web-tests.csproj", "{B9B31666-D0A2-4037-85F8-CD80A17BD073}"
EndProject
Global
	GlobalSection(SolutionConfigurationPlatforms) = preSolution
		Debug|Any CPU = Debug|Any CPU
		Release|Any CPU = Release|Any CPU
	EndGlobalSection
	GlobalSection(ProjectConfigurationPlatforms) = postSolution
		{B9B31666-D0A2-4037-85F8-CD80A17BD073}.Debug|Any CPU.ActiveCfg = Debug|Any CPU
		{B9B31666-D0A2-4037-85F8-CD80A17BD073}.Debug|Any CPU.Build.0 = Debug|Any CPU
		{B9B31666-D0A2-4037-85F8-CD80A17BD073}.Release|Any CPU.ActiveCfg = Release|Any CPU
		{B9B31666-D0A2-4037-85F8-CD80A17BD073}.Release|Any CPU.Build.0 = Release|Any CPU
	EndGlobalSection
	GlobalSection(SolutionProperties) = preSolution
		HideSolutionNode = FALSE
	EndGlobalSection
	GlobalSection(ExtensibilityGlobals) = postSolution
		SolutionGuid = {581115C4-90AC-431F-ADD7-C594524EF56F}
	EndGlobalSection
EndGlobal
